
Microsoft Visual Studio Solution File, Format Version 12.00
# Visual Studio 15
VisualStudioVersion = 15.0.28010.2036
MinimumVisualStudioVersion = 10.0.40219.1
Project("{FAE04EC0-301F-11D3-BF4B-00C04F79EFBC}") = "Exemple 1 Class", "Exemple 1 Class.csproj", "{99C1BCFE-76FA-42FA-B6A9-27C1E4D250F7}"
EndProject
Project("{2150E333-8FDC-42A3-9474-1A3956D46DE8}") = "Exemple 2", "Exemple 2", "{BFD22DE2-C554-4C18-8014-D52985188A88}"
EndProject
Project("{FAE04EC0-301F-11D3-BF4B-00C04F79EFBC}") = "Exemple 2 Use of parameters", "..\Exemple 2 Use of parameters\Exemple 2 Use of parameters.csproj", "{B99EC1C8-314A-4F6B-B2C3-C1E748C8E2ED}"
	ProjectSection(ProjectDependencies) = postProject
		{99C1BCFE-76FA-42FA-B6A9-27C1E4D250F7} = {99C1BCFE-76FA-42FA-B6A9-27C1E4D250F7}
	EndProjectSection
EndProject
Project("{2150E333-8FDC-42A3-9474-1A3956D46DE8}") = "Exemple_2", "Exemple_2", "{9618BCE8-9DB8-48A3-8005-D8D360E9AC4F}"
EndProject
Project("{FAE04EC0-301F-11D3-BF4B-00C04F79EFBC}") = "Exemple_2", "Exemple_2\Exemple_2.csproj", "{5D997976-BD45-44FC-9BD2-9208D2D263CA}"
EndProject
Project("{2150E333-8FDC-42A3-9474-1A3956D46DE8}") = "Starter", "Starter", "{B649B033-6BBB-4032-8A6D-2A9DE9845D62}"
EndProject
Project("{2150E333-8FDC-42A3-9474-1A3956D46DE8}") = "Namespace", "Namespace", "{6502A608-4ECD-4A86-B973-35EA4D125B6E}"
EndProject
Project("{FAE04EC0-301F-11D3-BF4B-00C04F79EFBC}") = "Exemple.1", "..\Exemple.1\Exemple.1.csproj", "{D0657C66-29D6-4A18-87CB-9B91186EC36A}"
EndProject
Project("{2150E333-8FDC-42A3-9474-1A3956D46DE8}") = "Overflow", "Overflow", "{44CC570C-FEE0-43CD-B05E-680BFC43FF7D}"
EndProject
Project("{FAE04EC0-301F-11D3-BF4B-00C04F79EFBC}") = "Overflow", "..\Overflow\Overflow.csproj", "{D5B47CA5-BBF8-407E-995D-3CD9644A1441}"
EndProject
Project("{2150E333-8FDC-42A3-9474-1A3956D46DE8}") = "While", "While", "{31FD2388-2932-4665-8E93-DC255781D641}"
EndProject
Project("{FAE04EC0-301F-11D3-BF4B-00C04F79EFBC}") = "While", "..\While\While.csproj", "{E4CDF846-6118-42B0-9555-AFD663C52F23}"
EndProject
Project("{2150E333-8FDC-42A3-9474-1A3956D46DE8}") = "Char", "Char", "{9283DF73-02DC-4E1E-BECE-3F3280897124}"
EndProject
Project("{FAE04EC0-301F-11D3-BF4B-00C04F79EFBC}") = "@char", "@char\@char.csproj", "{F4274CA2-361E-4D57-A03C-3D0BD467EF16}"
EndProject
Project("{2150E333-8FDC-42A3-9474-1A3956D46DE8}") = "String", "String", "{6EEA5CBD-7E4F-423D-992A-A44470034845}"
EndProject
Project("{FAE04EC0-301F-11D3-BF4B-00C04F79EFBC}") = "@string exem 1", "..\@string\@string exem 1.csproj", "{16B5DC90-63B1-48C1-A783-4758AC00103E}"
EndProject
Project("{FAE04EC0-301F-11D3-BF4B-00C04F79EFBC}") = "@string exem 2", "@string exem 2\@string exem 2.csproj", "{60935DDB-CEC5-4E83-845C-F49C59F74C8A}"
EndProject
Project("{2150E333-8FDC-42A3-9474-1A3956D46DE8}") = "Massivs", "Massivs", "{181E2D78-8EFE-47D0-BFDF-A245617A0A6D}"
EndProject
Project("{FAE04EC0-301F-11D3-BF4B-00C04F79EFBC}") = "Massivs exe 1", "..\Massivs exe 1\Massivs exe 1.csproj", "{E6AAE4FC-9DB3-45E0-99E5-F4513256708B}"
EndProject
Project("{2150E333-8FDC-42A3-9474-1A3956D46DE8}") = "Abstract And interface", "Abstract And interface", "{79442E23-CCC0-4B7F-B89B-AE1B303EB829}"
EndProject
Project("{FAE04EC0-301F-11D3-BF4B-00C04F79EFBC}") = "Abstract Classes", "Abstract Classes\Abstract Classes.csproj", "{0BE235D5-B279-4AFE-8B30-7871DA85B6B9}"
EndProject
Project("{FAE04EC0-301F-11D3-BF4B-00C04F79EFBC}") = "Exemp 2", "Exemp 2\Exemp 2.csproj", "{C87C5556-42EF-48D7-8ACE-99A229A7CEF1}"
EndProject
Project("{FAE04EC0-301F-11D3-BF4B-00C04F79EFBC}") = "exem 2", "exem 2\exem 2.csproj", "{6A9F6B2B-2D6C-4EEB-A540-6F27F8F0C6D5}"
EndProject
Project("{FAE04EC0-301F-11D3-BF4B-00C04F79EFBC}") = "exemp 3", "exemp 3\exemp 3.csproj", "{29A6A980-3A0B-49BA-B45C-22C140AAD3C9}"
EndProject
Project("{FAE04EC0-301F-11D3-BF4B-00C04F79EFBC}") = "exem 4", "exem 4\exem 4.csproj", "{5D214300-C2FB-40B1-88FD-FF26DAC14AF1}"
EndProject
Project("{FAE04EC0-301F-11D3-BF4B-00C04F79EFBC}") = "Interface exem 1", "Interface exem 1\Interface exem 1.csproj", "{EF7EBC8B-C603-455B-8840-C878289AE9E3}"
EndProject
Project("{2150E333-8FDC-42A3-9474-1A3956D46DE8}") = "Starterr", "Starterr", "{C8032E7D-C729-4B70-8D78-AA6D0145574F}"
EndProject
Project("{FAE04EC0-301F-11D3-BF4B-00C04F79EFBC}") = "Coverisnt_Contervariant", "Coverisnt\Coverisnt_Contervariant.csproj", "{CDA47905-34D1-43E3-84F5-62E56303A3E9}"
EndProject
Project("{FAE04EC0-301F-11D3-BF4B-00C04F79EFBC}") = "Array", "Array\Array.csproj", "{72F268A2-0B3C-4415-B5A1-F91700BC3FD7}"
EndProject
Project("{FAE04EC0-301F-11D3-BF4B-00C04F79EFBC}") = "Indexator", "Indexator\Indexator.csproj", "{5BE70B8D-DC54-4779-A506-4872D317CD2D}"
EndProject
Project("{2150E333-8FDC-42A3-9474-1A3956D46DE8}") = "Indexators", "Indexators", "{543BD86E-40DA-4A0A-8B35-3CC62CA3B1A3}"
EndProject
Project("{FAE04EC0-301F-11D3-BF4B-00C04F79EFBC}") = "indexators 2", "indexators 2\indexators 2.csproj", "{CCB3DC92-61B7-49AD-B200-627B89B7161C}"
EndProject
Project("{FAE04EC0-301F-11D3-BF4B-00C04F79EFBC}") = "CSharp_Delegate", "CSharp_Delegate\CSharp_Delegate.csproj", "{0F248872-A149-42B1-A195-AA5028D059A3}"
EndProject
Project("{FAE04EC0-301F-11D3-BF4B-00C04F79EFBC}") = "RefOut", "..\RefOut\RefOut.csproj", "{91837288-FB60-4903-8CA9-32CFA446B820}"
EndProject
Project("{FAE04EC0-301F-11D3-BF4B-00C04F79EFBC}") = "Ananimus_Method", "Ananimus_Method\Ananimus_Method.csproj", "{24C9307D-1D7D-48CA-AE80-0AD890E1872C}"
EndProject
Project("{FAE04EC0-301F-11D3-BF4B-00C04F79EFBC}") = "Ananimus_Delegate", "Ananimus_Delegate\Ananimus_Delegate.csproj", "{736DC986-8F53-475A-B56A-1688B636D5D4}"
EndProject
Project("{FAE04EC0-301F-11D3-BF4B-00C04F79EFBC}") = "Delegates", "Delegates\Delegates.csproj", "{91455374-3C1E-430E-8983-239E4B0F6DEF}"
EndProject
Project("{FAE04EC0-301F-11D3-BF4B-00C04F79EFBC}") = "Delegats", "Delegats\Delegats.csproj", "{0891323B-1E43-48BC-BC6E-74857E8F0C19}"
EndProject
Project("{FAE04EC0-301F-11D3-BF4B-00C04F79EFBC}") = "Class-Object", "..\Class-Object\Class-Object.csproj", "{F8E29571-B84A-437F-89CD-EBD2BA3D15C6}"
EndProject
Global
	GlobalSection(SolutionConfigurationPlatforms) = preSolution
		Debug|Any CPU = Debug|Any CPU
		Release|Any CPU = Release|Any CPU
	EndGlobalSection
	GlobalSection(ProjectConfigurationPlatforms) = postSolution
		{99C1BCFE-76FA-42FA-B6A9-27C1E4D250F7}.Debug|Any CPU.ActiveCfg = Debug|Any CPU
		{99C1BCFE-76FA-42FA-B6A9-27C1E4D250F7}.Debug|Any CPU.Build.0 = Debug|Any CPU
		{99C1BCFE-76FA-42FA-B6A9-27C1E4D250F7}.Release|Any CPU.ActiveCfg = Release|Any CPU
		{99C1BCFE-76FA-42FA-B6A9-27C1E4D250F7}.Release|Any CPU.Build.0 = Release|Any CPU
		{B99EC1C8-314A-4F6B-B2C3-C1E748C8E2ED}.Debug|Any CPU.ActiveCfg = Debug|Any CPU
		{B99EC1C8-314A-4F6B-B2C3-C1E748C8E2ED}.Debug|Any CPU.Build.0 = Debug|Any CPU
		{B99EC1C8-314A-4F6B-B2C3-C1E748C8E2ED}.Release|Any CPU.ActiveCfg = Release|Any CPU
		{B99EC1C8-314A-4F6B-B2C3-C1E748C8E2ED}.Release|Any CPU.Build.0 = Release|Any CPU
		{5D997976-BD45-44FC-9BD2-9208D2D263CA}.Debug|Any CPU.ActiveCfg = Debug|Any CPU
		{5D997976-BD45-44FC-9BD2-9208D2D263CA}.Debug|Any CPU.Build.0 = Debug|Any CPU
		{5D997976-BD45-44FC-9BD2-9208D2D263CA}.Release|Any CPU.ActiveCfg = Release|Any CPU
		{5D997976-BD45-44FC-9BD2-9208D2D263CA}.Release|Any CPU.Build.0 = Release|Any CPU
		{D0657C66-29D6-4A18-87CB-9B91186EC36A}.Debug|Any CPU.ActiveCfg = Debug|Any CPU
		{D0657C66-29D6-4A18-87CB-9B91186EC36A}.Debug|Any CPU.Build.0 = Debug|Any CPU
		{D0657C66-29D6-4A18-87CB-9B91186EC36A}.Release|Any CPU.ActiveCfg = Release|Any CPU
		{D0657C66-29D6-4A18-87CB-9B91186EC36A}.Release|Any CPU.Build.0 = Release|Any CPU
		{D5B47CA5-BBF8-407E-995D-3CD9644A1441}.Debug|Any CPU.ActiveCfg = Debug|Any CPU
		{D5B47CA5-BBF8-407E-995D-3CD9644A1441}.Debug|Any CPU.Build.0 = Debug|Any CPU
		{D5B47CA5-BBF8-407E-995D-3CD9644A1441}.Release|Any CPU.ActiveCfg = Release|Any CPU
		{D5B47CA5-BBF8-407E-995D-3CD9644A1441}.Release|Any CPU.Build.0 = Release|Any CPU
		{E4CDF846-6118-42B0-9555-AFD663C52F23}.Debug|Any CPU.ActiveCfg = Debug|Any CPU
		{E4CDF846-6118-42B0-9555-AFD663C52F23}.Debug|Any CPU.Build.0 = Debug|Any CPU
		{E4CDF846-6118-42B0-9555-AFD663C52F23}.Release|Any CPU.ActiveCfg = Release|Any CPU
		{E4CDF846-6118-42B0-9555-AFD663C52F23}.Release|Any CPU.Build.0 = Release|Any CPU
		{F4274CA2-361E-4D57-A03C-3D0BD467EF16}.Debug|Any CPU.ActiveCfg = Debug|Any CPU
		{F4274CA2-361E-4D57-A03C-3D0BD467EF16}.Debug|Any CPU.Build.0 = Debug|Any CPU
		{F4274CA2-361E-4D57-A03C-3D0BD467EF16}.Release|Any CPU.ActiveCfg = Release|Any CPU
		{F4274CA2-361E-4D57-A03C-3D0BD467EF16}.Release|Any CPU.Build.0 = Release|Any CPU
		{16B5DC90-63B1-48C1-A783-4758AC00103E}.Debug|Any CPU.ActiveCfg = Debug|Any CPU
		{16B5DC90-63B1-48C1-A783-4758AC00103E}.Debug|Any CPU.Build.0 = Debug|Any CPU
		{16B5DC90-63B1-48C1-A783-4758AC00103E}.Release|Any CPU.ActiveCfg = Release|Any CPU
		{16B5DC90-63B1-48C1-A783-4758AC00103E}.Release|Any CPU.Build.0 = Release|Any CPU
		{60935DDB-CEC5-4E83-845C-F49C59F74C8A}.Debug|Any CPU.ActiveCfg = Debug|Any CPU
		{60935DDB-CEC5-4E83-845C-F49C59F74C8A}.Debug|Any CPU.Build.0 = Debug|Any CPU
		{60935DDB-CEC5-4E83-845C-F49C59F74C8A}.Release|Any CPU.ActiveCfg = Release|Any CPU
		{60935DDB-CEC5-4E83-845C-F49C59F74C8A}.Release|Any CPU.Build.0 = Release|Any CPU
		{E6AAE4FC-9DB3-45E0-99E5-F4513256708B}.Debug|Any CPU.ActiveCfg = Debug|Any CPU
		{E6AAE4FC-9DB3-45E0-99E5-F4513256708B}.Debug|Any CPU.Build.0 = Debug|Any CPU
		{E6AAE4FC-9DB3-45E0-99E5-F4513256708B}.Release|Any CPU.ActiveCfg = Release|Any CPU
		{E6AAE4FC-9DB3-45E0-99E5-F4513256708B}.Release|Any CPU.Build.0 = Release|Any CPU
		{0BE235D5-B279-4AFE-8B30-7871DA85B6B9}.Debug|Any CPU.ActiveCfg = Debug|Any CPU
		{0BE235D5-B279-4AFE-8B30-7871DA85B6B9}.Debug|Any CPU.Build.0 = Debug|Any CPU
		{0BE235D5-B279-4AFE-8B30-7871DA85B6B9}.Release|Any CPU.ActiveCfg = Release|Any CPU
		{0BE235D5-B279-4AFE-8B30-7871DA85B6B9}.Release|Any CPU.Build.0 = Release|Any CPU
		{C87C5556-42EF-48D7-8ACE-99A229A7CEF1}.Debug|Any CPU.ActiveCfg = Debug|Any CPU
		{C87C5556-42EF-48D7-8ACE-99A229A7CEF1}.Debug|Any CPU.Build.0 = Debug|Any CPU
		{C87C5556-42EF-48D7-8ACE-99A229A7CEF1}.Release|Any CPU.ActiveCfg = Release|Any CPU
		{C87C5556-42EF-48D7-8ACE-99A229A7CEF1}.Release|Any CPU.Build.0 = Release|Any CPU
		{6A9F6B2B-2D6C-4EEB-A540-6F27F8F0C6D5}.Debug|Any CPU.ActiveCfg = Debug|Any CPU
		{6A9F6B2B-2D6C-4EEB-A540-6F27F8F0C6D5}.Debug|Any CPU.Build.0 = Debug|Any CPU
		{6A9F6B2B-2D6C-4EEB-A540-6F27F8F0C6D5}.Release|Any CPU.ActiveCfg = Release|Any CPU
		{6A9F6B2B-2D6C-4EEB-A540-6F27F8F0C6D5}.Release|Any CPU.Build.0 = Release|Any CPU
		{29A6A980-3A0B-49BA-B45C-22C140AAD3C9}.Debug|Any CPU.ActiveCfg = Debug|Any CPU
		{29A6A980-3A0B-49BA-B45C-22C140AAD3C9}.Debug|Any CPU.Build.0 = Debug|Any CPU
		{29A6A980-3A0B-49BA-B45C-22C140AAD3C9}.Release|Any CPU.ActiveCfg = Release|Any CPU
		{29A6A980-3A0B-49BA-B45C-22C140AAD3C9}.Release|Any CPU.Build.0 = Release|Any CPU
		{5D214300-C2FB-40B1-88FD-FF26DAC14AF1}.Debug|Any CPU.ActiveCfg = Debug|Any CPU
		{5D214300-C2FB-40B1-88FD-FF26DAC14AF1}.Debug|Any CPU.Build.0 = Debug|Any CPU
		{5D214300-C2FB-40B1-88FD-FF26DAC14AF1}.Release|Any CPU.ActiveCfg = Release|Any CPU
		{5D214300-C2FB-40B1-88FD-FF26DAC14AF1}.Release|Any CPU.Build.0 = Release|Any CPU
		{EF7EBC8B-C603-455B-8840-C878289AE9E3}.Debug|Any CPU.ActiveCfg = Debug|Any CPU
		{EF7EBC8B-C603-455B-8840-C878289AE9E3}.Debug|Any CPU.Build.0 = Debug|Any CPU
		{EF7EBC8B-C603-455B-8840-C878289AE9E3}.Release|Any CPU.ActiveCfg = Release|Any CPU
		{EF7EBC8B-C603-455B-8840-C878289AE9E3}.Release|Any CPU.Build.0 = Release|Any CPU
		{CDA47905-34D1-43E3-84F5-62E56303A3E9}.Debug|Any CPU.ActiveCfg = Debug|Any CPU
		{CDA47905-34D1-43E3-84F5-62E56303A3E9}.Debug|Any CPU.Build.0 = Debug|Any CPU
		{CDA47905-34D1-43E3-84F5-62E56303A3E9}.Release|Any CPU.ActiveCfg = Release|Any CPU
		{CDA47905-34D1-43E3-84F5-62E56303A3E9}.Release|Any CPU.Build.0 = Release|Any CPU
		{72F268A2-0B3C-4415-B5A1-F91700BC3FD7}.Debug|Any CPU.ActiveCfg = Debug|Any CPU
		{72F268A2-0B3C-4415-B5A1-F91700BC3FD7}.Debug|Any CPU.Build.0 = Debug|Any CPU
		{72F268A2-0B3C-4415-B5A1-F91700BC3FD7}.Release|Any CPU.ActiveCfg = Release|Any CPU
		{72F268A2-0B3C-4415-B5A1-F91700BC3FD7}.Release|Any CPU.Build.0 = Release|Any CPU
		{5BE70B8D-DC54-4779-A506-4872D317CD2D}.Debug|Any CPU.ActiveCfg = Debug|Any CPU
		{5BE70B8D-DC54-4779-A506-4872D317CD2D}.Debug|Any CPU.Build.0 = Debug|Any CPU
		{5BE70B8D-DC54-4779-A506-4872D317CD2D}.Release|Any CPU.ActiveCfg = Release|Any CPU
		{5BE70B8D-DC54-4779-A506-4872D317CD2D}.Release|Any CPU.Build.0 = Release|Any CPU
		{CCB3DC92-61B7-49AD-B200-627B89B7161C}.Debug|Any CPU.ActiveCfg = Debug|Any CPU
		{CCB3DC92-61B7-49AD-B200-627B89B7161C}.Debug|Any CPU.Build.0 = Debug|Any CPU
		{CCB3DC92-61B7-49AD-B200-627B89B7161C}.Release|Any CPU.ActiveCfg = Release|Any CPU
		{CCB3DC92-61B7-49AD-B200-627B89B7161C}.Release|Any CPU.Build.0 = Release|Any CPU
		{0F248872-A149-42B1-A195-AA5028D059A3}.Debug|Any CPU.ActiveCfg = Debug|Any CPU
		{0F248872-A149-42B1-A195-AA5028D059A3}.Debug|Any CPU.Build.0 = Debug|Any CPU
		{0F248872-A149-42B1-A195-AA5028D059A3}.Release|Any CPU.ActiveCfg = Release|Any CPU
		{0F248872-A149-42B1-A195-AA5028D059A3}.Release|Any CPU.Build.0 = Release|Any CPU
		{91837288-FB60-4903-8CA9-32CFA446B820}.Debug|Any CPU.ActiveCfg = Debug|Any CPU
		{91837288-FB60-4903-8CA9-32CFA446B820}.Debug|Any CPU.Build.0 = Debug|Any CPU
		{91837288-FB60-4903-8CA9-32CFA446B820}.Release|Any CPU.ActiveCfg = Release|Any CPU
		{91837288-FB60-4903-8CA9-32CFA446B820}.Release|Any CPU.Build.0 = Release|Any CPU
		{24C9307D-1D7D-48CA-AE80-0AD890E1872C}.Debug|Any CPU.ActiveCfg = Debug|Any CPU
		{24C9307D-1D7D-48CA-AE80-0AD890E1872C}.Debug|Any CPU.Build.0 = Debug|Any CPU
		{24C9307D-1D7D-48CA-AE80-0AD890E1872C}.Release|Any CPU.ActiveCfg = Release|Any CPU
		{24C9307D-1D7D-48CA-AE80-0AD890E1872C}.Release|Any CPU.Build.0 = Release|Any CPU
		{736DC986-8F53-475A-B56A-1688B636D5D4}.Debug|Any CPU.ActiveCfg = Debug|Any CPU
		{736DC986-8F53-475A-B56A-1688B636D5D4}.Debug|Any CPU.Build.0 = Debug|Any CPU
		{736DC986-8F53-475A-B56A-1688B636D5D4}.Release|Any CPU.ActiveCfg = Release|Any CPU
		{736DC986-8F53-475A-B56A-1688B636D5D4}.Release|Any CPU.Build.0 = Release|Any CPU
		{91455374-3C1E-430E-8983-239E4B0F6DEF}.Debug|Any CPU.ActiveCfg = Debug|Any CPU
		{91455374-3C1E-430E-8983-239E4B0F6DEF}.Debug|Any CPU.Build.0 = Debug|Any CPU
		{91455374-3C1E-430E-8983-239E4B0F6DEF}.Release|Any CPU.ActiveCfg = Release|Any CPU
		{91455374-3C1E-430E-8983-239E4B0F6DEF}.Release|Any CPU.Build.0 = Release|Any CPU
		{0891323B-1E43-48BC-BC6E-74857E8F0C19}.Debug|Any CPU.ActiveCfg = Debug|Any CPU
		{0891323B-1E43-48BC-BC6E-74857E8F0C19}.Debug|Any CPU.Build.0 = Debug|Any CPU
		{0891323B-1E43-48BC-BC6E-74857E8F0C19}.Release|Any CPU.ActiveCfg = Release|Any CPU
		{0891323B-1E43-48BC-BC6E-74857E8F0C19}.Release|Any CPU.Build.0 = Release|Any CPU
		{F8E29571-B84A-437F-89CD-EBD2BA3D15C6}.Debug|Any CPU.ActiveCfg = Debug|Any CPU
		{F8E29571-B84A-437F-89CD-EBD2BA3D15C6}.Debug|Any CPU.Build.0 = Debug|Any CPU
		{F8E29571-B84A-437F-89CD-EBD2BA3D15C6}.Release|Any CPU.ActiveCfg = Release|Any CPU
		{F8E29571-B84A-437F-89CD-EBD2BA3D15C6}.Release|Any CPU.Build.0 = Release|Any CPU
	EndGlobalSection
	GlobalSection(SolutionProperties) = preSolution
		HideSolutionNode = FALSE
	EndGlobalSection
	GlobalSection(NestedProjects) = preSolution
		{99C1BCFE-76FA-42FA-B6A9-27C1E4D250F7} = {C8032E7D-C729-4B70-8D78-AA6D0145574F}
		{B99EC1C8-314A-4F6B-B2C3-C1E748C8E2ED} = {BFD22DE2-C554-4C18-8014-D52985188A88}
		{9618BCE8-9DB8-48A3-8005-D8D360E9AC4F} = {C8032E7D-C729-4B70-8D78-AA6D0145574F}
		{5D997976-BD45-44FC-9BD2-9208D2D263CA} = {9618BCE8-9DB8-48A3-8005-D8D360E9AC4F}
		{6502A608-4ECD-4A86-B973-35EA4D125B6E} = {C8032E7D-C729-4B70-8D78-AA6D0145574F}
		{D0657C66-29D6-4A18-87CB-9B91186EC36A} = {6502A608-4ECD-4A86-B973-35EA4D125B6E}
		{44CC570C-FEE0-43CD-B05E-680BFC43FF7D} = {C8032E7D-C729-4B70-8D78-AA6D0145574F}
		{D5B47CA5-BBF8-407E-995D-3CD9644A1441} = {44CC570C-FEE0-43CD-B05E-680BFC43FF7D}
		{31FD2388-2932-4665-8E93-DC255781D641} = {C8032E7D-C729-4B70-8D78-AA6D0145574F}
		{E4CDF846-6118-42B0-9555-AFD663C52F23} = {31FD2388-2932-4665-8E93-DC255781D641}
		{9283DF73-02DC-4E1E-BECE-3F3280897124} = {C8032E7D-C729-4B70-8D78-AA6D0145574F}
		{F4274CA2-361E-4D57-A03C-3D0BD467EF16} = {9283DF73-02DC-4E1E-BECE-3F3280897124}
		{6EEA5CBD-7E4F-423D-992A-A44470034845} = {C8032E7D-C729-4B70-8D78-AA6D0145574F}
		{16B5DC90-63B1-48C1-A783-4758AC00103E} = {6EEA5CBD-7E4F-423D-992A-A44470034845}
		{60935DDB-CEC5-4E83-845C-F49C59F74C8A} = {6EEA5CBD-7E4F-423D-992A-A44470034845}
		{181E2D78-8EFE-47D0-BFDF-A245617A0A6D} = {C8032E7D-C729-4B70-8D78-AA6D0145574F}
		{E6AAE4FC-9DB3-45E0-99E5-F4513256708B} = {181E2D78-8EFE-47D0-BFDF-A245617A0A6D}
		{0BE235D5-B279-4AFE-8B30-7871DA85B6B9} = {79442E23-CCC0-4B7F-B89B-AE1B303EB829}
		{C87C5556-42EF-48D7-8ACE-99A229A7CEF1} = {79442E23-CCC0-4B7F-B89B-AE1B303EB829}
		{6A9F6B2B-2D6C-4EEB-A540-6F27F8F0C6D5} = {79442E23-CCC0-4B7F-B89B-AE1B303EB829}
		{29A6A980-3A0B-49BA-B45C-22C140AAD3C9} = {79442E23-CCC0-4B7F-B89B-AE1B303EB829}
		{5D214300-C2FB-40B1-88FD-FF26DAC14AF1} = {79442E23-CCC0-4B7F-B89B-AE1B303EB829}
		{EF7EBC8B-C603-455B-8840-C878289AE9E3} = {79442E23-CCC0-4B7F-B89B-AE1B303EB829}
		{C8032E7D-C729-4B70-8D78-AA6D0145574F} = {B649B033-6BBB-4032-8A6D-2A9DE9845D62}
		{CDA47905-34D1-43E3-84F5-62E56303A3E9} = {B649B033-6BBB-4032-8A6D-2A9DE9845D62}
		{72F268A2-0B3C-4415-B5A1-F91700BC3FD7} = {C8032E7D-C729-4B70-8D78-AA6D0145574F}
		{5BE70B8D-DC54-4779-A506-4872D317CD2D} = {543BD86E-40DA-4A0A-8B35-3CC62CA3B1A3}
		{543BD86E-40DA-4A0A-8B35-3CC62CA3B1A3} = {79442E23-CCC0-4B7F-B89B-AE1B303EB829}
		{CCB3DC92-61B7-49AD-B200-627B89B7161C} = {543BD86E-40DA-4A0A-8B35-3CC62CA3B1A3}
		{0F248872-A149-42B1-A195-AA5028D059A3} = {543BD86E-40DA-4A0A-8B35-3CC62CA3B1A3}
	EndGlobalSection
	GlobalSection(ExtensibilityGlobals) = postSolution
		SolutionGuid = {D0B92F89-7B25-43E1-851B-0194EFD743F3}
	EndGlobalSection
EndGlobal
